<?xml version="1.0" encoding="utf-8"?>
<Project ToolsVersion="4.0" xmlns="http://schemas.microsoft.com/developer/msbuild/2003">
  <ItemGroup>
    <Filter Include="Include">
      <UniqueIdentifier>{93995380-89BD-4b04-88EB-625FBE52EBFB}</UniqueIdentifier>
      <Extensions>h;hh;hpp;hxx;hm;inl;inc;xsd</Extensions>
    </Filter>
    <Filter Include="Application">
      <UniqueIdentifier>{4FC737F1-C7A5-4376-A066-2A32D752A2FF}</UniqueIdentifier>
      <Extensions>cpp;c;cc;cxx;def;odl;idl;hpj;bat;asm;asmx</Extensions>
    </Filter>
    <Filter Include="Application\GUI">
      <UniqueIdentifier>{75dadf51-0888-4bf0-9292-3001f30be9b7}</UniqueIdentifier>
    </Filter>
    <Filter Include="Library">
      <UniqueIdentifier>{c94a125e-1a6f-4abb-a809-ec642fbcab5e}</UniqueIdentifier>
    </Filter>
    <Filter Include="Build">
      <UniqueIdentifier>{4634002f-ab70-483a-a158-dcab854df56d}</UniqueIdentifier>
    </Filter>
    <Filter Include="Build\Windows">
      <UniqueIdentifier>{7d26e8f0-0bfd-47f5-abab-2996fea21e64}</UniqueIdentifier>
    </Filter>
    <Filter Include="Build\Support">
      <UniqueIdentifier>{6c555d0e-aca1-4071-badc-68d154ae6e77}</UniqueIdentifier>
    </Filter>
    <Filter Include="Build\Support\Doxygen">
      <UniqueIdentifier>{f1067760-65bf-4ead-8186-42afd38c36a7}</UniqueIdentifier>
    </Filter>
    <Filter Include="Build\Windows\Support">
      <UniqueIdentifier>{22fef2a7-1179-46b9-aeb9-5bd6caab6f3d}</UniqueIdentifier>
    </Filter>
    <Filter Include="Build\Windows\Config">
      <UniqueIdentifier>{a4194a4f-d2dd-46ce-a35f-495504a792d5}</UniqueIdentifier>
    </Filter>
    <Filter Include="Build\Windows\Post">
      <UniqueIdentifier>{b0d93acd-4040-45bb-9467-0603c5b44fef}</UniqueIdentifier>
    </Filter>
    <Filter Include="Library\GUILib">
      <UniqueIdentifier>{8ce82ee3-94c2-44d6-b2b1-affda688dbb3}</UniqueIdentifier>
    </Filter>
    <Filter Include="Include\Library">
      <UniqueIdentifier>{66abf7c9-c364-4a71-b5e3-21e09080ada4}</UniqueIdentifier>
    </Filter>
    <Filter Include="Build\Unix">
      <UniqueIdentifier>{53723ee8-ee7a-45a7-aadf-d32607789390}</UniqueIdentifier>
    </Filter>
    <Filter Include="Build\Unix\Config">
      <UniqueIdentifier>{a0cabad5-1ccb-4001-9533-aac001f32ec3}</UniqueIdentifier>
    </Filter>
    <Filter Include="Build\Unix\Post">
      <UniqueIdentifier>{ead2ce47-1c48-40e8-bac9-2faef9887baa}</UniqueIdentifier>
    </Filter>
    <Filter Include="Build\Unix\Support">
      <UniqueIdentifier>{89307a02-a71e-49db-b796-96f07f50c45b}</UniqueIdentifier>
    </Filter>
    <Filter Include="Library\LogLib">
      <UniqueIdentifier>{c1142cad-4929-4846-b807-8c7f608eeb05}</UniqueIdentifier>
    </Filter>
    <Filter Include="Library\FileLib">
      <UniqueIdentifier>{7eb2ab8e-0e2a-4f2a-9efe-170a390d938a}</UniqueIdentifier>
    </Filter>
    <Filter Include="Library\StringLib">
      <UniqueIdentifier>{1cfc901a-c83a-4195-99b0-3b36ba153105}</UniqueIdentifier>
    </Filter>
    <Filter Include="Library\FontLib">
      <UniqueIdentifier>{ce8acae3-ba17-4056-9ade-af4c0113f137}</UniqueIdentifier>
    </Filter>
    <Filter Include="Library\ConfigLib">
      <UniqueIdentifier>{1cab2752-8cd5-47eb-9c5e-85429e45ca88}</UniqueIdentifier>
    </Filter>
    <Filter Include="Library\XmlLib">
      <UniqueIdentifier>{0a7d8f01-d333-4cf7-a1f4-e9dbbead3757}</UniqueIdentifier>
    </Filter>
    <Filter Include="Library\ParseLib">
      <UniqueIdentifier>{675f92c2-6e6a-45ae-ab23-02df4fbe0093}</UniqueIdentifier>
    </Filter>
    <Filter Include="Library\SmBiosLib">
      <UniqueIdentifier>{fdc318ae-3b42-41f4-bfb3-6fd9a4389fb0}</UniqueIdentifier>
    </Filter>
    <Filter Include="Library\PlatformLib">
      <UniqueIdentifier>{353c4265-32c7-4f48-8a7d-0d7bdcf23b5c}</UniqueIdentifier>
    </Filter>
    <Filter Include="Library\TimerLib">
      <UniqueIdentifier>{9446af92-f27d-4f8f-ad13-2603d885c922}</UniqueIdentifier>
    </Filter>
    <Filter Include="Library\PlatformLib\CPU">
      <UniqueIdentifier>{21d40e21-c8b8-4540-9b7e-9b13db59b4a9}</UniqueIdentifier>
    </Filter>
    <Filter Include="Library\PlatformLib\Memory">
      <UniqueIdentifier>{24e8858a-4061-4b0d-827a-0f7e48e34a35}</UniqueIdentifier>
    </Filter>
    <Filter Include="Build\Support\Conf">
      <UniqueIdentifier>{1153961b-09a3-4700-973a-79a8e1a103b9}</UniqueIdentifier>
    </Filter>
    <Filter Include="Build\Support\Boot">
      <UniqueIdentifier>{672a5511-5861-44a0-8f48-b4b95ede6be7}</UniqueIdentifier>
    </Filter>
  </ItemGroup>
  <ItemGroup>
    <ClCompile Include="..\..\Application\GUI\GUI.c">
      <Filter>Application\GUI</Filter>
    </ClCompile>
    <ClCompile Include="..\..\Library\GUILib\GUILib.c">
      <Filter>Library\GUILib</Filter>
    </ClCompile>
    <ClCompile Include="..\..\Library\LogLib\LogLib.c">
      <Filter>Library\LogLib</Filter>
    </ClCompile>
    <ClCompile Include="..\..\Library\FileLib\FileLib.c">
      <Filter>Library\FileLib</Filter>
    </ClCompile>
    <ClCompile Include="..\..\Library\StringLib\StringLib.c">
      <Filter>Library\StringLib</Filter>
    </ClCompile>
    <ClCompile Include="..\..\Library\FontLib\FontLib.c">
      <Filter>Library\FontLib</Filter>
    </ClCompile>
    <ClCompile Include="..\..\Library\ConfigLib\ConfigLib.c">
      <Filter>Library\ConfigLib</Filter>
    </ClCompile>
    <ClCompile Include="..\..\Library\XmlLib\XmlLib.c">
      <Filter>Library\XmlLib</Filter>
    </ClCompile>
    <ClCompile Include="..\..\Library\ParseLib\ParseLib.c">
      <Filter>Library\ParseLib</Filter>
    </ClCompile>
    <ClCompile Include="..\..\Library\XmlLib\XmlStates.c">
      <Filter>Library\XmlLib</Filter>
    </ClCompile>
    <ClCompile Include="..\..\Library\StringLib\Base64.c">
      <Filter>Library\StringLib</Filter>
    </ClCompile>
    <ClCompile Include="..\..\Library\SmBiosLib\SmBiosLib.c">
      <Filter>Library\SmBiosLib</Filter>
    </ClCompile>
    <ClCompile Include="..\..\Library\PlatformLib\Devices.c">
      <Filter>Library\PlatformLib</Filter>
    </ClCompile>
    <ClCompile Include="..\..\Library\PlatformLib\PlatformLib.c">
      <Filter>Library\PlatformLib</Filter>
    </ClCompile>
    <ClCompile Include="..\..\Library\TimerLib\IpfTimerLib.c">
      <Filter>Library\TimerLib</Filter>
    </ClCompile>
    <ClCompile Include="..\..\Library\TimerLib\X86TimerLib.c">
      <Filter>Library\TimerLib</Filter>
    </ClCompile>
    <ClCompile Include="..\..\Library\PlatformLib\CPU\AMD.c">
      <Filter>Library\PlatformLib\CPU</Filter>
    </ClCompile>
    <ClCompile Include="..\..\Library\PlatformLib\CPU\Intel.c">
      <Filter>Library\PlatformLib\CPU</Filter>
    </ClCompile>
    <ClCompile Include="..\..\Library\PlatformLib\CPU\X86.c">
      <Filter>Library\PlatformLib\CPU</Filter>
    </ClCompile>
    <ClCompile Include="..\..\Library\PlatformLib\Memory\Intel.c">
      <Filter>Library\PlatformLib\Memory</Filter>
    </ClCompile>
    <ClCompile Include="..\..\Library\PlatformLib\Memory\X86.c">
      <Filter>Library\PlatformLib\Memory</Filter>
    </ClCompile>
    <ClCompile Include="..\..\Library\PlatformLib\Memory\Manufacturers.c">
      <Filter>Library\PlatformLib\Memory</Filter>
    </ClCompile>
  </ItemGroup>
  <ItemGroup>
    <None Include="..\..\Application\GUI\GUI.inf">
      <Filter>Application\GUI</Filter>
    </None>
    <None Include="..\..\Build\Support\Version">
      <Filter>Build\Support</Filter>
    </None>
    <None Include="..\..\Build\Support\Doxygen\Doxyfile">
      <Filter>Build\Support\Doxygen</Filter>
    </None>
    <None Include="..\..\Build\Windows\Config\00_ConfigureBuild.bat">
      <Filter>Build\Windows\Config</Filter>
    </None>
    <None Include="..\..\Build\Windows\Config\10_ConfigureDeveloper.bat">
      <Filter>Build\Windows\Config</Filter>
    </None>
    <None Include="..\..\Build\Windows\Config\20_ConfigureProject.bat">
      <Filter>Build\Windows\Config</Filter>
    </None>
    <None Include="..\..\Build\Windows\Config\30_ConfigurePackage.bat">
      <Filter>Build\Windows\Config</Filter>
    </None>
    <None Include="..\..\Build\Windows\Config\40_ConfigureDocumentation.bat">
      <Filter>Build\Windows\Config</Filter>
    </None>
    <None Include="..\..\Build\Windows\Post\30_BuildPackage.bat">
      <Filter>Build\Windows\Post</Filter>
    </None>
    <None Include="..\..\Build\Windows\Post\40_GenerateDocumentation.bat">
      <Filter>Build\Windows\Post</Filter>
    </None>
    <None Include="..\..\Build\Windows\Support\Align.vbs">
      <Filter>Build\Windows\Support</Filter>
    </None>
    <None Include="..\..\Build\Windows\Support\Clean.bat">
      <Filter>Build\Windows\Support</Filter>
    </None>
    <None Include="..\..\Build\Windows\Support\DateTime.vbs">
      <Filter>Build\Windows\Support</Filter>
    </None>
    <None Include="..\..\Build\Windows\Support\InternalBuild.bat">
      <Filter>Build\Windows\Support</Filter>
    </None>
    <None Include="..\..\Build\Windows\Support\MkDir.bat">
      <Filter>Build\Windows\Support</Filter>
    </None>
    <None Include="..\..\Build\Windows\Support\Tee.vbs">
      <Filter>Build\Windows\Support</Filter>
    </None>
    <None Include="..\..\Build\Windows\Support\Unquote.bat">
      <Filter>Build\Windows\Support</Filter>
    </None>
    <None Include="..\..\Build\Windows\BuildProject.bat">
      <Filter>Build\Windows</Filter>
    </None>
    <None Include="..\..\Package.dec" />
    <None Include="..\..\Package.dsc" />
    <None Include="..\..\Library\GUILib\GUILib.inf">
      <Filter>Library\GUILib</Filter>
    </None>
    <None Include="..\..\Build\Unix\BuildProject.sh">
      <Filter>Build\Unix</Filter>
    </None>
    <None Include="..\..\Build\Unix\Config\10_ConfigureDeveloper.sh">
      <Filter>Build\Unix\Config</Filter>
    </None>
    <None Include="..\..\Build\Unix\Config\20_ConfigureProject.sh">
      <Filter>Build\Unix\Config</Filter>
    </None>
    <None Include="..\..\Build\Unix\Config\30_ConfigurePackage.sh">
      <Filter>Build\Unix\Config</Filter>
    </None>
    <None Include="..\..\Build\Unix\Config\40_ConfigureDocumentation.sh">
      <Filter>Build\Unix\Config</Filter>
    </None>
    <None Include="..\..\Build\Unix\Post\30_BuildPackage.sh">
      <Filter>Build\Unix\Post</Filter>
    </None>
    <None Include="..\..\Build\Unix\Post\40_GenerateDocumentation.sh">
      <Filter>Build\Unix\Post</Filter>
    </None>
    <None Include="..\..\Build\Unix\Support\InternalBuild.sh">
      <Filter>Build\Unix\Support</Filter>
    </None>
    <None Include="..\..\Build\Unix\Config\00_ConfigureBuild.sh">
      <Filter>Build\Unix\Config</Filter>
    </None>
    <None Include="..\..\Build\Windows\Post\20_BuildProject.bat">
      <Filter>Build\Windows\Post</Filter>
    </None>
    <None Include="..\..\Library\LogLib\LogLib.inf">
      <Filter>Library\LogLib</Filter>
    </None>
    <None Include="..\..\Library\FileLib\FileLib.inf">
      <Filter>Library\FileLib</Filter>
    </None>
    <None Include="..\..\Library\StringLib\StringLib.inf">
      <Filter>Library\StringLib</Filter>
    </None>
    <None Include="..\..\Library\FontLib\FontLib.inf">
      <Filter>Library\FontLib</Filter>
    </None>
    <None Include="..\..\Library\ConfigLib\ConfigLib.inf">
      <Filter>Library\ConfigLib</Filter>
    </None>
    <None Include="..\..\Library\XmlLib\XmlLib.inf">
      <Filter>Library\XmlLib</Filter>
    </None>
    <None Include="..\..\Library\ParseLib\ParseLib.inf">
      <Filter>Library\ParseLib</Filter>
    </None>
    <None Include="..\..\Library\SmBiosLib\SmBiosLib.inf">
      <Filter>Library\SmBiosLib</Filter>
    </None>
    <None Include="..\..\Library\PlatformLib\PlatformLib.inf">
      <Filter>Library\PlatformLib</Filter>
    </None>
    <None Include="..\..\Build\Windows\Support\SafeName.bat">
      <Filter>Build\Windows\Support</Filter>
    </None>
    <None Include="..\..\Library\TimerLib\TimerLib.inf">
      <Filter>Library\TimerLib</Filter>
    </None>
    <None Include="..\..\.gitignore" />
    <None Include="..\..\Build\Windows\Support\mcopy.exe">
      <Filter>Build\Windows\Support</Filter>
    </None>
    <None Include="..\..\Build\Windows\Support\mformat.exe">
      <Filter>Build\Windows\Support</Filter>
    </None>
    <None Include="..\..\Build\Windows\Support\mkisofs.exe">
      <Filter>Build\Windows\Support</Filter>
    </None>
    <None Include="..\..\Build\Windows\Support\mmd.exe">
      <Filter>Build\Windows\Support</Filter>
    </None>
    <None Include="..\..\Build\Windows\Support\nasm.exe">
      <Filter>Build\Windows\Support</Filter>
    </None>
    <None Include="..\..\Build\Windows\Support\Rebuild.bat">
      <Filter>Build\Windows\Support</Filter>
    </None>
    <None Include="..\..\Build\Support\Boot\bootiso.s">
      <Filter>Build\Support\Boot</Filter>
    </None>
    <None Include="..\..\Build\Support\Boot\bootfat.s">
      <Filter>Build\Support\Boot</Filter>
    </None>
    <None Include="..\..\Build\Support\Boot\bootmbr.s">
      <Filter>Build\Support\Boot</Filter>
    </None>
  </ItemGroup>
  <ItemGroup>
    <ClInclude Include="..\..\Include\Version.h">
      <Filter>Include</Filter>
    </ClInclude>
    <ClInclude Include="..\..\Include\Library\GUILib.h">
      <Filter>Include\Library</Filter>
    </ClInclude>
    <ClInclude Include="..\..\Include\Library\LogLib.h">
      <Filter>Include\Library</Filter>
    </ClInclude>
    <ClInclude Include="..\..\Include\Library\FileLib.h">
      <Filter>Include\Library</Filter>
    </ClInclude>
    <ClInclude Include="..\..\Include\Library\StringLib.h">
      <Filter>Include\Library</Filter>
    </ClInclude>
    <ClInclude Include="..\..\Include\Library\ConfigLib.h">
      <Filter>Include\Library</Filter>
    </ClInclude>
    <ClInclude Include="..\..\Include\Library\FontLib.h">
      <Filter>Include\Library</Filter>
    </ClInclude>
    <ClInclude Include="..\..\Include\Library\XmlLib.h">
      <Filter>Include\Library</Filter>
    </ClInclude>
    <ClInclude Include="..\..\Include\Library\ParseLib.h">
      <Filter>Include\Library</Filter>
    </ClInclude>
    <ClInclude Include="..\..\Library\XmlLib\XmlStates.h">
      <Filter>Library\XmlLib</Filter>
    </ClInclude>
    <ClInclude Include="..\..\Library\StringLib\Unicode.h">
      <Filter>Library\StringLib</Filter>
    </ClInclude>
    <ClInclude Include="..\..\Include\Library\SmBiosLib.h">
      <Filter>Include\Library</Filter>
    </ClInclude>
    <ClInclude Include="..\..\Library\PlatformLib\Platform.h">
      <Filter>Library\PlatformLib</Filter>
    </ClInclude>
    <ClInclude Include="..\..\Include\Library\PlatformLib.h">
      <Filter>Include\Library</Filter>
    </ClInclude>
    <ClInclude Include="..\..\Library\PlatformLib\Memory\Memory.h">
      <Filter>Library\PlatformLib\Memory</Filter>
    </ClInclude>
    <ClInclude Include="..\..\Library\PlatformLib\CPU\AMD.h">
      <Filter>Library\PlatformLib\CPU</Filter>
    </ClInclude>
    <ClInclude Include="..\..\Library\PlatformLib\CPU\Intel.h">
      <Filter>Library\PlatformLib\CPU</Filter>
    </ClInclude>
  </ItemGroup>
  <ItemGroup>
    <Xml Include="..\..\Build\Support\Doxygen\Layout.xml">
      <Filter>Build\Support\Doxygen</Filter>
    </Xml>
    <Xml Include="..\..\Application\GUI\Config.xml">
      <Filter>Application\GUI</Filter>
    </Xml>
  </ItemGroup>
  <ItemGroup>
    <Text Include="..\..\Build\Support\Conf\build_rule.txt">
      <Filter>Build\Support\Conf</Filter>
    </Text>
    <Text Include="..\..\Build\Support\Conf\target.txt">
      <Filter>Build\Support\Conf</Filter>
    </Text>
    <Text Include="..\..\Build\Support\Conf\tools_def.txt">
      <Filter>Build\Support\Conf</Filter>
    </Text>
  </ItemGroup>
</Project>